[[package]]
name = "bottle"
version = "0.12.21"
description = "Fast and simple WSGI-framework for small web-applications."
category = "main"
optional = false
python-versions = "*"

[[package]]
name = "pyjwt"
version = "2.4.0"
description = "JSON Web Token implementation in Python"
category = "main"
optional = false
python-versions = ">=3.6"

[package.extras]
crypto = ["cryptography (>=3.3.1)"]
dev = ["sphinx", "sphinx-rtd-theme", "zope.interface", "cryptography (>=3.3.1)", "pytest (>=6.0.0,<7.0.0)", "coverage[toml] (==5.0.4)", "mypy", "pre-commit"]
docs = ["sphinx", "sphinx-rtd-theme", "zope.interface"]
tests = ["pytest (>=6.0.0,<7.0.0)", "coverage[toml] (==5.0.4)"]

[metadata]
lock-version = "1.1"
python-versions = "^3.8"
content-hash = "1f36a0540f0a59b42531dd7dc7c4a892627126c1d8ef62cef78d8570a3061a37"

[metadata.files]
bottle = [
    {file = "bottle-0.12.21-py3-none-any.whl", hash = "sha256:6e1c9817019dae3a8c20adacaf09035251798d2ae2fcc8ce43157ee72965f257"},
    {file = "bottle-0.12.21.tar.gz", hash = "sha256:787c61b6cc02b9c229bf2663011fac53dd8fc197f7f8ad2eeede29d888d7887e"},
]
pyjwt = [
    {file = "PyJWT-2.4.0-py3-none-any.whl", hash = "sha256:72d1d253f32dbd4f5c88eaf1fdc62f3a19f676ccbadb9dbc5d07e951b2b26daf"},
    {file = "PyJWT-2.4.0.tar.gz", hash = "sha256:d42908208c699b3b973cbeb01a969ba6a96c821eefb1c5bfe4c390c01d67abba"},
]
